
Microsoft Visual Studio Solution File, Format Version 12.00
# Visual Studio Version 16
VisualStudioVersion = 16.0.30711.63
MinimumVisualStudioVersion = 10.0.40219.1
Project("{FAE04EC0-301F-11D3-BF4B-00C04F79EFBC}") = "CSLightJunior", "CSLightJunior\CSLightJunior.csproj", "{3F40F10A-43BA-42E9-AB2B-694948B06637}"
EndProject
Project("{FAE04EC0-301F-11D3-BF4B-00C04F79EFBC}") = "ImageTask", "ImageTask\ImageTask.csproj", "{C38F6076-BA6A-4391-9F07-E5275ED73205}"
EndProject
Project("{FAE04EC0-301F-11D3-BF4B-00C04F79EFBC}") = "ShopTask", "ShopTask\ShopTask.csproj", "{702577A6-5222-4957-9E75-FA2966FD08E7}"
EndProject
Project("{FAE04EC0-301F-11D3-BF4B-00C04F79EFBC}") = "PolyclinicTask", "PolyclinicTask\PolyclinicTask.csproj", "{A5BD826F-64F0-4111-8D45-156CBF4F00C8}"
EndProject
Project("{FAE04EC0-301F-11D3-BF4B-00C04F79EFBC}") = "LinesTask", "LinesTask\LinesTask.csproj", "{248AD0A2-DF26-49C6-98D7-927BA33577CD}"
EndProject
Project("{2150E333-8FDC-42A3-9474-1A3956D46DE8}") = "Cycle", "Cycle", "{F774713B-0285-4BB2-B493-D130DA2AFD5B}"
EndProject
Project("{FAE04EC0-301F-11D3-BF4B-00C04F79EFBC}") = "CycleTask", "CycleTask\CycleTask.csproj", "{38F65CC9-56A1-440E-B8C8-A58D5AA18FF0}"
EndProject
Project("{FAE04EC0-301F-11D3-BF4B-00C04F79EFBC}") = "OutputControl", "OutputControl\OutputControl.csproj", "{84CC530B-12C3-4AE7-B452-B96CEFF8C776}"
EndProject
Project("{FAE04EC0-301F-11D3-BF4B-00C04F79EFBC}") = "Converter", "Converter\Converter.csproj", "{B2AFD277-428F-4A1A-B7B2-7BB427052D01}"
EndProject
Project("{FAE04EC0-301F-11D3-BF4B-00C04F79EFBC}") = "ConsoleMenu", "ConsoleMenu\ConsoleMenu.csproj", "{27EAA2B1-7705-4FD5-A4A4-62B730E76F7E}"
EndProject
Project("{FAE04EC0-301F-11D3-BF4B-00C04F79EFBC}") = "Sequence", "Sequence\Sequence.csproj", "{16CB4EBD-5758-4F3E-B263-A0845C7013F5}"
EndProject
Project("{FAE04EC0-301F-11D3-BF4B-00C04F79EFBC}") = "NameOutput", "NameOutput\NameOutput.csproj", "{AA49317D-8A89-4A03-B126-4CACF71C31E4}"
EndProject
Project("{FAE04EC0-301F-11D3-BF4B-00C04F79EFBC}") = "PasswordProgramProtected", "PasswordProgramProtected\PasswordProgramProtected.csproj", "{25FC1DA8-6865-4A1A-8448-D07C4BB7564D}"
EndProject
Project("{FAE04EC0-301F-11D3-BF4B-00C04F79EFBC}") = "BossFight", "BossFight\BossFight.csproj", "{7852F586-6B80-4E5D-8293-846FE6C13188}"
EndProject
Project("{2150E333-8FDC-42A3-9474-1A3956D46DE8}") = "Arrays]", "Arrays]", "{C7836566-A6A1-4A7B-8A5F-837EAF83FA05}"
EndProject
Project("{FAE04EC0-301F-11D3-BF4B-00C04F79EFBC}") = "SummAndComposition", "SummAndComposition\SummAndComposition.csproj", "{89C4E503-D36A-4B88-9E6C-D4D43FE9A43D}"
EndProject
Project("{FAE04EC0-301F-11D3-BF4B-00C04F79EFBC}") = "LargestElement", "LargestElement\LargestElement.csproj", "{163152E1-6B11-4C16-888C-3AEA636685FF}"
EndProject
Project("{FAE04EC0-301F-11D3-BF4B-00C04F79EFBC}") = "LocalMax", "LocalMax\LocalMax.csproj", "{F369550C-8972-4210-90D5-CE6441180273}"
EndProject
Project("{FAE04EC0-301F-11D3-BF4B-00C04F79EFBC}") = "DynamicArray", "DynamicArray\DynamicArray.csproj", "{04C0B84A-9E5F-4D96-A02C-FCD766110231}"
EndProject
Project("{2150E333-8FDC-42A3-9474-1A3956D46DE8}") = "Functions", "Functions", "{0A9C5D4E-4104-498B-8D2B-F0553F5E8FC8}"
EndProject
Project("{FAE04EC0-301F-11D3-BF4B-00C04F79EFBC}") = "PersonnelAccounting", "PersonnelAccounting\PersonnelAccounting.csproj", "{3569305D-9EA5-4158-9E65-1E857B16B252}"
EndProject
Project("{FAE04EC0-301F-11D3-BF4B-00C04F79EFBC}") = "UiElement", "UiElement\UiElement.csproj", "{1BCE7D5A-1B04-4EC5-9F88-7FEFB4D8C936}"
EndProject
Project("{FAE04EC0-301F-11D3-BF4B-00C04F79EFBC}") = "ReadInt", "ReadInt\ReadInt.csproj", "{CE1E1DB6-25E9-435E-B212-C331DAF07586}"
EndProject
Project("{FAE04EC0-301F-11D3-BF4B-00C04F79EFBC}") = "BraveNewWorld", "BraveNewWorld\BraveNewWorld.csproj", "{BF6E31EF-E45D-487B-BA9B-620A0A0CFB51}"
EndProject
Global
	GlobalSection(SolutionConfigurationPlatforms) = preSolution
		Debug|Any CPU = Debug|Any CPU
		Release|Any CPU = Release|Any CPU
	EndGlobalSection
	GlobalSection(ProjectConfigurationPlatforms) = postSolution
		{3F40F10A-43BA-42E9-AB2B-694948B06637}.Debug|Any CPU.ActiveCfg = Debug|Any CPU
		{3F40F10A-43BA-42E9-AB2B-694948B06637}.Debug|Any CPU.Build.0 = Debug|Any CPU
		{3F40F10A-43BA-42E9-AB2B-694948B06637}.Release|Any CPU.ActiveCfg = Release|Any CPU
		{3F40F10A-43BA-42E9-AB2B-694948B06637}.Release|Any CPU.Build.0 = Release|Any CPU
		{C38F6076-BA6A-4391-9F07-E5275ED73205}.Debug|Any CPU.ActiveCfg = Debug|Any CPU
		{C38F6076-BA6A-4391-9F07-E5275ED73205}.Debug|Any CPU.Build.0 = Debug|Any CPU
		{C38F6076-BA6A-4391-9F07-E5275ED73205}.Release|Any CPU.ActiveCfg = Release|Any CPU
		{C38F6076-BA6A-4391-9F07-E5275ED73205}.Release|Any CPU.Build.0 = Release|Any CPU
		{702577A6-5222-4957-9E75-FA2966FD08E7}.Debug|Any CPU.ActiveCfg = Debug|Any CPU
		{702577A6-5222-4957-9E75-FA2966FD08E7}.Debug|Any CPU.Build.0 = Debug|Any CPU
		{702577A6-5222-4957-9E75-FA2966FD08E7}.Release|Any CPU.ActiveCfg = Release|Any CPU
		{702577A6-5222-4957-9E75-FA2966FD08E7}.Release|Any CPU.Build.0 = Release|Any CPU
		{A5BD826F-64F0-4111-8D45-156CBF4F00C8}.Debug|Any CPU.ActiveCfg = Debug|Any CPU
		{A5BD826F-64F0-4111-8D45-156CBF4F00C8}.Debug|Any CPU.Build.0 = Debug|Any CPU
		{A5BD826F-64F0-4111-8D45-156CBF4F00C8}.Release|Any CPU.ActiveCfg = Release|Any CPU
		{A5BD826F-64F0-4111-8D45-156CBF4F00C8}.Release|Any CPU.Build.0 = Release|Any CPU
		{248AD0A2-DF26-49C6-98D7-927BA33577CD}.Debug|Any CPU.ActiveCfg = Debug|Any CPU
		{248AD0A2-DF26-49C6-98D7-927BA33577CD}.Debug|Any CPU.Build.0 = Debug|Any CPU
		{248AD0A2-DF26-49C6-98D7-927BA33577CD}.Release|Any CPU.ActiveCfg = Release|Any CPU
		{248AD0A2-DF26-49C6-98D7-927BA33577CD}.Release|Any CPU.Build.0 = Release|Any CPU
		{38F65CC9-56A1-440E-B8C8-A58D5AA18FF0}.Debug|Any CPU.ActiveCfg = Debug|Any CPU
		{38F65CC9-56A1-440E-B8C8-A58D5AA18FF0}.Debug|Any CPU.Build.0 = Debug|Any CPU
		{38F65CC9-56A1-440E-B8C8-A58D5AA18FF0}.Release|Any CPU.ActiveCfg = Release|Any CPU
		{38F65CC9-56A1-440E-B8C8-A58D5AA18FF0}.Release|Any CPU.Build.0 = Release|Any CPU
		{84CC530B-12C3-4AE7-B452-B96CEFF8C776}.Debug|Any CPU.ActiveCfg = Debug|Any CPU
		{84CC530B-12C3-4AE7-B452-B96CEFF8C776}.Debug|Any CPU.Build.0 = Debug|Any CPU
		{84CC530B-12C3-4AE7-B452-B96CEFF8C776}.Release|Any CPU.ActiveCfg = Release|Any CPU
		{84CC530B-12C3-4AE7-B452-B96CEFF8C776}.Release|Any CPU.Build.0 = Release|Any CPU
		{B2AFD277-428F-4A1A-B7B2-7BB427052D01}.Debug|Any CPU.ActiveCfg = Debug|Any CPU
		{B2AFD277-428F-4A1A-B7B2-7BB427052D01}.Debug|Any CPU.Build.0 = Debug|Any CPU
		{B2AFD277-428F-4A1A-B7B2-7BB427052D01}.Release|Any CPU.ActiveCfg = Release|Any CPU
		{B2AFD277-428F-4A1A-B7B2-7BB427052D01}.Release|Any CPU.Build.0 = Release|Any CPU
		{27EAA2B1-7705-4FD5-A4A4-62B730E76F7E}.Debug|Any CPU.ActiveCfg = Debug|Any CPU
		{27EAA2B1-7705-4FD5-A4A4-62B730E76F7E}.Debug|Any CPU.Build.0 = Debug|Any CPU
		{27EAA2B1-7705-4FD5-A4A4-62B730E76F7E}.Release|Any CPU.ActiveCfg = Release|Any CPU
		{27EAA2B1-7705-4FD5-A4A4-62B730E76F7E}.Release|Any CPU.Build.0 = Release|Any CPU
		{16CB4EBD-5758-4F3E-B263-A0845C7013F5}.Debug|Any CPU.ActiveCfg = Debug|Any CPU
		{16CB4EBD-5758-4F3E-B263-A0845C7013F5}.Debug|Any CPU.Build.0 = Debug|Any CPU
		{16CB4EBD-5758-4F3E-B263-A0845C7013F5}.Release|Any CPU.ActiveCfg = Release|Any CPU
		{16CB4EBD-5758-4F3E-B263-A0845C7013F5}.Release|Any CPU.Build.0 = Release|Any CPU
		{AA49317D-8A89-4A03-B126-4CACF71C31E4}.Debug|Any CPU.ActiveCfg = Debug|Any CPU
		{AA49317D-8A89-4A03-B126-4CACF71C31E4}.Debug|Any CPU.Build.0 = Debug|Any CPU
		{AA49317D-8A89-4A03-B126-4CACF71C31E4}.Release|Any CPU.ActiveCfg = Release|Any CPU
		{AA49317D-8A89-4A03-B126-4CACF71C31E4}.Release|Any CPU.Build.0 = Release|Any CPU
		{25FC1DA8-6865-4A1A-8448-D07C4BB7564D}.Debug|Any CPU.ActiveCfg = Debug|Any CPU
		{25FC1DA8-6865-4A1A-8448-D07C4BB7564D}.Debug|Any CPU.Build.0 = Debug|Any CPU
		{25FC1DA8-6865-4A1A-8448-D07C4BB7564D}.Release|Any CPU.ActiveCfg = Release|Any CPU
		{25FC1DA8-6865-4A1A-8448-D07C4BB7564D}.Release|Any CPU.Build.0 = Release|Any CPU
		{7852F586-6B80-4E5D-8293-846FE6C13188}.Debug|Any CPU.ActiveCfg = Debug|Any CPU
		{7852F586-6B80-4E5D-8293-846FE6C13188}.Debug|Any CPU.Build.0 = Debug|Any CPU
		{7852F586-6B80-4E5D-8293-846FE6C13188}.Release|Any CPU.ActiveCfg = Release|Any CPU
		{7852F586-6B80-4E5D-8293-846FE6C13188}.Release|Any CPU.Build.0 = Release|Any CPU
		{89C4E503-D36A-4B88-9E6C-D4D43FE9A43D}.Debug|Any CPU.ActiveCfg = Debug|Any CPU
		{89C4E503-D36A-4B88-9E6C-D4D43FE9A43D}.Debug|Any CPU.Build.0 = Debug|Any CPU
		{89C4E503-D36A-4B88-9E6C-D4D43FE9A43D}.Release|Any CPU.ActiveCfg = Release|Any CPU
		{89C4E503-D36A-4B88-9E6C-D4D43FE9A43D}.Release|Any CPU.Build.0 = Release|Any CPU
		{163152E1-6B11-4C16-888C-3AEA636685FF}.Debug|Any CPU.ActiveCfg = Debug|Any CPU
		{163152E1-6B11-4C16-888C-3AEA636685FF}.Debug|Any CPU.Build.0 = Debug|Any CPU
		{163152E1-6B11-4C16-888C-3AEA636685FF}.Release|Any CPU.ActiveCfg = Release|Any CPU
		{163152E1-6B11-4C16-888C-3AEA636685FF}.Release|Any CPU.Build.0 = Release|Any CPU
		{F369550C-8972-4210-90D5-CE6441180273}.Debug|Any CPU.ActiveCfg = Debug|Any CPU
		{F369550C-8972-4210-90D5-CE6441180273}.Debug|Any CPU.Build.0 = Debug|Any CPU
		{F369550C-8972-4210-90D5-CE6441180273}.Release|Any CPU.ActiveCfg = Release|Any CPU
		{F369550C-8972-4210-90D5-CE6441180273}.Release|Any CPU.Build.0 = Release|Any CPU
		{04C0B84A-9E5F-4D96-A02C-FCD766110231}.Debug|Any CPU.ActiveCfg = Debug|Any CPU
		{04C0B84A-9E5F-4D96-A02C-FCD766110231}.Debug|Any CPU.Build.0 = Debug|Any CPU
		{04C0B84A-9E5F-4D96-A02C-FCD766110231}.Release|Any CPU.ActiveCfg = Release|Any CPU
		{04C0B84A-9E5F-4D96-A02C-FCD766110231}.Release|Any CPU.Build.0 = Release|Any CPU
		{3569305D-9EA5-4158-9E65-1E857B16B252}.Debug|Any CPU.ActiveCfg = Debug|Any CPU
		{3569305D-9EA5-4158-9E65-1E857B16B252}.Debug|Any CPU.Build.0 = Debug|Any CPU
		{3569305D-9EA5-4158-9E65-1E857B16B252}.Release|Any CPU.ActiveCfg = Release|Any CPU
		{3569305D-9EA5-4158-9E65-1E857B16B252}.Release|Any CPU.Build.0 = Release|Any CPU
		{1BCE7D5A-1B04-4EC5-9F88-7FEFB4D8C936}.Debug|Any CPU.ActiveCfg = Debug|Any CPU
		{1BCE7D5A-1B04-4EC5-9F88-7FEFB4D8C936}.Debug|Any CPU.Build.0 = Debug|Any CPU
		{1BCE7D5A-1B04-4EC5-9F88-7FEFB4D8C936}.Release|Any CPU.ActiveCfg = Release|Any CPU
		{1BCE7D5A-1B04-4EC5-9F88-7FEFB4D8C936}.Release|Any CPU.Build.0 = Release|Any CPU
		{CE1E1DB6-25E9-435E-B212-C331DAF07586}.Debug|Any CPU.ActiveCfg = Debug|Any CPU
		{CE1E1DB6-25E9-435E-B212-C331DAF07586}.Debug|Any CPU.Build.0 = Debug|Any CPU
		{CE1E1DB6-25E9-435E-B212-C331DAF07586}.Release|Any CPU.ActiveCfg = Release|Any CPU
		{CE1E1DB6-25E9-435E-B212-C331DAF07586}.Release|Any CPU.Build.0 = Release|Any CPU
		{BF6E31EF-E45D-487B-BA9B-620A0A0CFB51}.Debug|Any CPU.ActiveCfg = Debug|Any CPU
		{BF6E31EF-E45D-487B-BA9B-620A0A0CFB51}.Debug|Any CPU.Build.0 = Debug|Any CPU
		{BF6E31EF-E45D-487B-BA9B-620A0A0CFB51}.Release|Any CPU.ActiveCfg = Release|Any CPU
		{BF6E31EF-E45D-487B-BA9B-620A0A0CFB51}.Release|Any CPU.Build.0 = Release|Any CPU
	EndGlobalSection
	GlobalSection(SolutionProperties) = preSolution
		HideSolutionNode = FALSE
	EndGlobalSection
	GlobalSection(NestedProjects) = preSolution
		{38F65CC9-56A1-440E-B8C8-A58D5AA18FF0} = {F774713B-0285-4BB2-B493-D130DA2AFD5B}
		{84CC530B-12C3-4AE7-B452-B96CEFF8C776} = {F774713B-0285-4BB2-B493-D130DA2AFD5B}
		{B2AFD277-428F-4A1A-B7B2-7BB427052D01} = {F774713B-0285-4BB2-B493-D130DA2AFD5B}
		{27EAA2B1-7705-4FD5-A4A4-62B730E76F7E} = {F774713B-0285-4BB2-B493-D130DA2AFD5B}
		{16CB4EBD-5758-4F3E-B263-A0845C7013F5} = {F774713B-0285-4BB2-B493-D130DA2AFD5B}
		{AA49317D-8A89-4A03-B126-4CACF71C31E4} = {F774713B-0285-4BB2-B493-D130DA2AFD5B}
		{25FC1DA8-6865-4A1A-8448-D07C4BB7564D} = {F774713B-0285-4BB2-B493-D130DA2AFD5B}
		{7852F586-6B80-4E5D-8293-846FE6C13188} = {F774713B-0285-4BB2-B493-D130DA2AFD5B}
		{89C4E503-D36A-4B88-9E6C-D4D43FE9A43D} = {C7836566-A6A1-4A7B-8A5F-837EAF83FA05}
		{163152E1-6B11-4C16-888C-3AEA636685FF} = {C7836566-A6A1-4A7B-8A5F-837EAF83FA05}
		{F369550C-8972-4210-90D5-CE6441180273} = {C7836566-A6A1-4A7B-8A5F-837EAF83FA05}
		{04C0B84A-9E5F-4D96-A02C-FCD766110231} = {C7836566-A6A1-4A7B-8A5F-837EAF83FA05}
		{3569305D-9EA5-4158-9E65-1E857B16B252} = {0A9C5D4E-4104-498B-8D2B-F0553F5E8FC8}
		{1BCE7D5A-1B04-4EC5-9F88-7FEFB4D8C936} = {0A9C5D4E-4104-498B-8D2B-F0553F5E8FC8}
		{CE1E1DB6-25E9-435E-B212-C331DAF07586} = {0A9C5D4E-4104-498B-8D2B-F0553F5E8FC8}
		{BF6E31EF-E45D-487B-BA9B-620A0A0CFB51} = {0A9C5D4E-4104-498B-8D2B-F0553F5E8FC8}
	EndGlobalSection
	GlobalSection(ExtensibilityGlobals) = postSolution
		SolutionGuid = {4BAD97B5-5ACF-48F0-A176-22661F004D36}
	EndGlobalSection
EndGlobal
